
Microsoft Visual Studio Solution File, Format Version 9.00
# Visual Studio 2005
Project("{8BC9CEB8-8B4A-11D0-8D11-00A0C91BC942}") = "SKUTestCPPProject", "SKUTestCPPProject.vcproj", "{68D325A6-1BED-40E5-A487-96CC64A89C8A}"
EndProject
Global
	GlobalSection(SolutionConfigurationPlatforms) = preSolution
		Debug|Win32 = Debug|Win32
		Release|Win32 = Release|Win32
	EndGlobalSection
	GlobalSection(ProjectConfigurationPlatforms) = postSolution
		{68D325A6-1BED-40E5-A487-96CC64A89C8A}.Debug|Win32.ActiveCfg = Debug|Win32
		{68D325A6-1BED-40E5-A487-96CC64A89C8A}.Debug|Win32.Build.0 = Debug|Win32
		{68D325A6-1BED-40E5-A487-96CC64A89C8A}.Release|Win32.ActiveCfg = Release|Win32
		{68D325A6-1BED-40E5-A487-96CC64A89C8A}.Release|Win32.Build.0 = Release|Win32
	EndGlobalSection
	GlobalSection(SolutionProperties) = preSolution
		HideSolutionNode = FALSE
	EndGlobalSection
EndGlobal
